# This file is autogenerated, do not edit; changes may be undone by the next 'dep ensure'.


[[projects]]
  branch = "master"
  name = "github.com/fvbock/endless"
  packages = ["."]
  revision = "447134032cb6a86814f570257390a379982dfc61"

[solve-meta]
  analyzer-name = "dep"
  analyzer-version = 1
  inputs-digest = "64d7b175466b2cdda922953885ecb58d41e5acc5f3de301ec91bd5a3785d95aa"
  solver-name = "gps-cdcl"
  solver-version = 1
